{
  "name": "failtrace-case-p-memoize-race",
  "lockfileVersion": 3,
  "requires": true,
  "packages": {
    "": {
      "name": "failtrace-case-p-memoize-race",
      "dependencies": {
        "memoize-affected": "npm:p-memoize@6.0.2",
        "memoize-fixed": "npm:p-memoize@7.0.0"
      }
    },
    "node_modules/memoize-affected": {
      "name": "p-memoize",
      "version": "6.0.2",
      "resolved": "https://registry.npmjs.org/p-memoize/-/p-memoize-6.0.2.tgz",
      "integrity": "sha512-sO7/Gd4hBVn7xq8WMIiSzhOYXHVWGJhc8hpM6t7Ahuqbj/lZGssBG5mUBjLEdE84lnP64K78mNumbB9v5i4AoQ==",
      "license": "MIT",
      "dependencies": {
        "mimic-fn": "^4.0.0"
      },
      "engines": {
        "node": ">=12.20"
      },
      "funding": {
        "url": "https://github.com/sindresorhus/p-memoize?sponsor=1"
      }
    },
    "node_modules/memoize-fixed": {
      "name": "p-memoize",
      "version": "7.0.0",
      "resolved": "https://registry.npmjs.org/p-memoize/-/p-memoize-7.0.0.tgz",
      "integrity": "sha512-r2IevHQXWv2vXfYM94HOihAODDU7eNMKSPB7jYY64lvoA2TqknyzRFUTxBuLope+GpwOUU+I3DhKZ54bq+9P7w==",
      "license": "MIT",
      "dependencies": {
        "mimic-fn": "^4.0.0"
      },
      "engines": {
        "node": ">=14.16"
      },
      "funding": {
        "url": "https://github.com/sindresorhus/p-memoize?sponsor=1"
      }
    },
    "node_modules/mimic-fn": {
      "version": "4.0.0",
      "resolved": "https://registry.npmjs.org/mimic-fn/-/mimic-fn-4.0.0.tgz",
      "integrity": "sha512-vqiC06CuhBTUdZH+RYl8sFrL096vA45Ok5ISO6sE/Mr1jRbGH4Csnhi8f3wKVl7x8mO4Au7Ir9D3Oyv1VYMFJw==",
      "license": "MIT",
      "engines": {
        "node": ">=12"
      },
      "funding": {
        "url": "https://github.com/sponsors/sindresorhus"
      }
    }
  }
}
