{
  "name": "failtrace-case-prettier-chain",
  "lockfileVersion": 3,
  "requires": true,
  "packages": {
    "": {
      "name": "failtrace-case-prettier-chain",
      "dependencies": {
        "prettier-affected": "npm:prettier@3.0.3",
        "prettier-fixed": "npm:prettier@3.2.0"
      },
      "devDependencies": {
        "failtrace": "https://github.com/LBarimi/FailTrace/releases/download/v0.3.0/failtrace-0.3.0.tgz"
      }
    },
    "node_modules/@modelcontextprotocol/core": {
      "version": "2.0.0",
      "resolved": "https://registry.npmjs.org/@modelcontextprotocol/core/-/core-2.0.0.tgz",
      "integrity": "sha512-pJCEwGG7Lfr/+PQp9ZTwKXNeO5wzbfKL7H3MYpCorM4oFBoQrdjnBgEoqG+RjhsvS1FKrDbKux+M1HhlnGWqcA==",
      "dev": true,
      "license": "MIT",
      "dependencies": {
        "zod": "^4.2.0"
      },
      "engines": {
        "node": ">=20"
      }
    },
    "node_modules/@modelcontextprotocol/server": {
      "version": "2.0.0",
      "resolved": "https://registry.npmjs.org/@modelcontextprotocol/server/-/server-2.0.0.tgz",
      "integrity": "sha512-YhHWdHfpFMQfd0prsEnxKeS3Qz3ytIGmsS0sth4KDjnacIT7hxk6hXHkJ9KysxlkvTM+WZAtQbbcUhdoP4Hvtw==",
      "dev": true,
      "license": "MIT",
      "dependencies": {
        "@modelcontextprotocol/core": "2.0.0",
        "zod": "^4.2.0"
      },
      "engines": {
        "node": ">=20"
      }
    },
    "node_modules/failtrace": {
      "version": "0.3.0",
      "resolved": "https://github.com/LBarimi/FailTrace/releases/download/v0.3.0/failtrace-0.3.0.tgz",
      "integrity": "sha512-tD19/38h65PyTsWPA1EOZRU0TolAiEP7k9Dk0p2A6HZUiQibsfYIyQDN3z0aCqzmbd+pm22uzxC/ZldB4Detgw==",
      "dev": true,
      "license": "MIT",
      "dependencies": {
        "@modelcontextprotocol/server": "^2.0.0",
        "zod": "^4.5.4"
      },
      "bin": {
        "failtrace": "dist/cli/index.js"
      },
      "engines": {
        "node": ">=22.12.0"
      }
    },
    "node_modules/prettier-affected": {
      "name": "prettier",
      "version": "3.0.3",
      "resolved": "https://registry.npmjs.org/prettier/-/prettier-3.0.3.tgz",
      "integrity": "sha512-L/4pUDMxcNa8R/EthV08Zt42WBO4h1rarVtK0K+QJG0X187OLo7l699jWw0GKuwzkPQ//jMFA/8Xm6Fh3J/DAg==",
      "license": "MIT",
      "bin": {
        "prettier": "bin/prettier.cjs"
      },
      "engines": {
        "node": ">=14"
      },
      "funding": {
        "url": "https://github.com/prettier/prettier?sponsor=1"
      }
    },
    "node_modules/prettier-fixed": {
      "name": "prettier",
      "version": "3.2.0",
      "resolved": "https://registry.npmjs.org/prettier/-/prettier-3.2.0.tgz",
      "integrity": "sha512-/vBUecTGaPlRVwyZVROVC58bYIScqaoEJzZmzQXXrZOzqn0TwWz0EnOozOlFO/YAImRnb7XsKpTCd3m1SjS2Ww==",
      "license": "MIT",
      "bin": {
        "prettier": "bin/prettier.cjs"
      },
      "engines": {
        "node": ">=14"
      },
      "funding": {
        "url": "https://github.com/prettier/prettier?sponsor=1"
      }
    },
    "node_modules/zod": {
      "version": "4.5.4",
      "resolved": "https://registry.npmjs.org/zod/-/zod-4.5.4.tgz",
      "integrity": "sha512-sC95tT5iHHH9gtpj6A81kh+NEaRAUFN+qlUPDUbRfOMvNf5QCBqsb3WgvnpVtK5Y+4UfA6KqufotuTvMGiTlsA==",
      "dev": true,
      "license": "MIT",
      "funding": {
        "url": "https://github.com/sponsors/colinhacks"
      }
    }
  }
}
